
Microsoft Visual Studio Solution File, Format Version 12.00
# Visual Studio Version 17
VisualStudioVersion = 17.5.33530.505
MinimumVisualStudioVersion = 10.0.40219.1
Project("{8BC9CEB8-8B4A-11D0-8D11-00A0C91BC942}") = "Task3", "Task3.vcxproj", "{F188EB9F-29B9-47ED-8963-85F86473ABCC}"
EndProject
Global
	GlobalSection(SolutionConfigurationPlatforms) = preSolution
		Debug|x64 = Debug|x64
		Debug|x86 = Debug|x86
		Release|x64 = Release|x64
		Release|x86 = Release|x86
	EndGlobalSection
	GlobalSection(ProjectConfigurationPlatforms) = postSolution
		{F188EB9F-29B9-47ED-8963-85F86473ABCC}.Debug|x64.ActiveCfg = Debug|x64
		{F188EB9F-29B9-47ED-8963-85F86473ABCC}.Debug|x64.Build.0 = Debug|x64
		{F188EB9F-29B9-47ED-8963-85F86473ABCC}.Debug|x86.ActiveCfg = Debug|Win32
		{F188EB9F-29B9-47ED-8963-85F86473ABCC}.Debug|x86.Build.0 = Debug|Win32
		{F188EB9F-29B9-47ED-8963-85F86473ABCC}.Release|x64.ActiveCfg = Release|x64
		{F188EB9F-29B9-47ED-8963-85F86473ABCC}.Release|x64.Build.0 = Release|x64
		{F188EB9F-29B9-47ED-8963-85F86473ABCC}.Release|x86.ActiveCfg = Release|Win32
		{F188EB9F-29B9-47ED-8963-85F86473ABCC}.Release|x86.Build.0 = Release|Win32
	EndGlobalSection
	GlobalSection(SolutionProperties) = preSolution
		HideSolutionNode = FALSE
	EndGlobalSection
	GlobalSection(ExtensibilityGlobals) = postSolution
		SolutionGuid = {B65A4097-B2E5-4D13-B46E-D21DC2DA42E2}
	EndGlobalSection
EndGlobal
